// !$*UTF8*$!
{
	archiveVersion = 1;
	classes = {
	};
	objectVersion = 56;
	objects = {

/* Begin PBXBuildFile section */
		96127E3D2AC83DD00020FD1E /* category.json in Resources */ = {isa = PBXBuildFile; fileRef = 96127E392AC83DD00020FD1E /* category.json */; };
		96127E3E2AC83DD00020FD1E /* player.json in Resources */ = {isa = PBXBuildFile; fileRef = 96127E3A2AC83DD00020FD1E /* player.json */; };
		96127E3F2AC83DD00020FD1E /* product.json in Resources */ = {isa = PBXBuildFile; fileRef = 96127E3B2AC83DD00020FD1E /* product.json */; };
		96127E402AC83DD00020FD1E /* brand.json in Resources */ = {isa = PBXBuildFile; fileRef = 96127E3C2AC83DD00020FD1E /* brand.json */; };
		96127E4A2AC83F7F0020FD1E /* Constant.swift in Sources */ = {isa = PBXBuildFile; fileRef = 96127E492AC83F7F0020FD1E /* Constant.swift */; };
		96127E4C2AC842650020FD1E /* FooterView.swift in Sources */ = {isa = PBXBuildFile; fileRef = 96127E4B2AC842650020FD1E /* FooterView.swift */; };
		96127E4E2AC847500020FD1E /* NavigationBarView.swift in Sources */ = {isa = PBXBuildFile; fileRef = 96127E4D2AC847500020FD1E /* NavigationBarView.swift */; };
		96127E502AC848460020FD1E /* LogoView.swift in Sources */ = {isa = PBXBuildFile; fileRef = 96127E4F2AC848460020FD1E /* LogoView.swift */; };
		96127E522AC84F450020FD1E /* PlayerModel.swift in Sources */ = {isa = PBXBuildFile; fileRef = 96127E512AC84F450020FD1E /* PlayerModel.swift */; };
		96127E542AC84F7C0020FD1E /* CodableBundleExtension.swift in Sources */ = {isa = PBXBuildFile; fileRef = 96127E532AC84F7C0020FD1E /* CodableBundleExtension.swift */; };
		96127E562AC851670020FD1E /* FeaturedItemView.swift in Sources */ = {isa = PBXBuildFile; fileRef = 96127E552AC851670020FD1E /* FeaturedItemView.swift */; };
		96127E582AC851C70020FD1E /* FeaturedTabView.swift in Sources */ = {isa = PBXBuildFile; fileRef = 96127E572AC851C70020FD1E /* FeaturedTabView.swift */; };
		96127E5A2AC856720020FD1E /* CategoryModel.swift in Sources */ = {isa = PBXBuildFile; fileRef = 96127E592AC856720020FD1E /* CategoryModel.swift */; };
		96127E5C2AC8574D0020FD1E /* CategoryItemView.swift in Sources */ = {isa = PBXBuildFile; fileRef = 96127E5B2AC8574D0020FD1E /* CategoryItemView.swift */; };
		96127E5E2AC858B90020FD1E /* CategoryGridView.swift in Sources */ = {isa = PBXBuildFile; fileRef = 96127E5D2AC858B90020FD1E /* CategoryGridView.swift */; };
		96127E602AC859CE0020FD1E /* SectionView.swift in Sources */ = {isa = PBXBuildFile; fileRef = 96127E5F2AC859CE0020FD1E /* SectionView.swift */; };
		96FD04F42AC839B900643CEB /* TouchdownApp.swift in Sources */ = {isa = PBXBuildFile; fileRef = 96FD04F32AC839B900643CEB /* TouchdownApp.swift */; };
		96FD04F62AC839B900643CEB /* ContentView.swift in Sources */ = {isa = PBXBuildFile; fileRef = 96FD04F52AC839B900643CEB /* ContentView.swift */; };
		96FD04F82AC839BB00643CEB /* Assets.xcassets in Resources */ = {isa = PBXBuildFile; fileRef = 96FD04F72AC839BB00643CEB /* Assets.xcassets */; };
		96FD04FB2AC839BB00643CEB /* Preview Assets.xcassets in Resources */ = {isa = PBXBuildFile; fileRef = 96FD04FA2AC839BB00643CEB /* Preview Assets.xcassets */; };
		96FD05052AC839BB00643CEB /* TouchdownTests.swift in Sources */ = {isa = PBXBuildFile; fileRef = 96FD05042AC839BB00643CEB /* TouchdownTests.swift */; };
		96FD050F2AC839BB00643CEB /* TouchdownUITests.swift in Sources */ = {isa = PBXBuildFile; fileRef = 96FD050E2AC839BB00643CEB /* TouchdownUITests.swift */; };
		96FD05112AC839BB00643CEB /* TouchdownUITestsLaunchTests.swift in Sources */ = {isa = PBXBuildFile; fileRef = 96FD05102AC839BB00643CEB /* TouchdownUITestsLaunchTests.swift */; };
/* End PBXBuildFile section */

/* Begin PBXContainerItemProxy section */
		96FD05012AC839BB00643CEB /* PBXContainerItemProxy */ = {
			isa = PBXContainerItemProxy;
			containerPortal = 96FD04E82AC839B900643CEB /* Project object */;
			proxyType = 1;
			remoteGlobalIDString = 96FD04EF2AC839B900643CEB;
			remoteInfo = Touchdown;
		};
		96FD050B2AC839BB00643CEB /* PBXContainerItemProxy */ = {
			isa = PBXContainerItemProxy;
			containerPortal = 96FD04E82AC839B900643CEB /* Project object */;
			proxyType = 1;
			remoteGlobalIDString = 96FD04EF2AC839B900643CEB;
			remoteInfo = Touchdown;
		};
/* End PBXContainerItemProxy section */

/* Begin PBXFileReference section */
		96127E392AC83DD00020FD1E /* category.json */ = {isa = PBXFileReference; fileEncoding = 4; lastKnownFileType = text.json; path = category.json; sourceTree = "<group>"; };
		96127E3A2AC83DD00020FD1E /* player.json */ = {isa = PBXFileReference; fileEncoding = 4; lastKnownFileType = text.json; path = player.json; sourceTree = "<group>"; };
		96127E3B2AC83DD00020FD1E /* product.json */ = {isa = PBXFileReference; fileEncoding = 4; lastKnownFileType = text.json; path = product.json; sourceTree = "<group>"; };
		96127E3C2AC83DD00020FD1E /* brand.json */ = {isa = PBXFileReference; fileEncoding = 4; lastKnownFileType = text.json; path = brand.json; sourceTree = "<group>"; };
		96127E412AC83E160020FD1E /* Info.plist */ = {isa = PBXFileReference; lastKnownFileType = text.plist; path = Info.plist; sourceTree = "<group>"; };
		96127E492AC83F7F0020FD1E /* Constant.swift */ = {isa = PBXFileReference; lastKnownFileType = sourcecode.swift; path = Constant.swift; sourceTree = "<group>"; };
		96127E4B2AC842650020FD1E /* FooterView.swift */ = {isa = PBXFileReference; lastKnownFileType = sourcecode.swift; path = FooterView.swift; sourceTree = "<group>"; };
		96127E4D2AC847500020FD1E /* NavigationBarView.swift */ = {isa = PBXFileReference; lastKnownFileType = sourcecode.swift; path = NavigationBarView.swift; sourceTree = "<group>"; };
		96127E4F2AC848460020FD1E /* LogoView.swift */ = {isa = PBXFileReference; lastKnownFileType = sourcecode.swift; path = LogoView.swift; sourceTree = "<group>"; };
		96127E512AC84F450020FD1E /* PlayerModel.swift */ = {isa = PBXFileReference; lastKnownFileType = sourcecode.swift; path = PlayerModel.swift; sourceTree = "<group>"; };
		96127E532AC84F7C0020FD1E /* CodableBundleExtension.swift */ = {isa = PBXFileReference; lastKnownFileType = sourcecode.swift; path = CodableBundleExtension.swift; sourceTree = "<group>"; };
		96127E552AC851670020FD1E /* FeaturedItemView.swift */ = {isa = PBXFileReference; lastKnownFileType = sourcecode.swift; path = FeaturedItemView.swift; sourceTree = "<group>"; };
		96127E572AC851C70020FD1E /* FeaturedTabView.swift */ = {isa = PBXFileReference; lastKnownFileType = sourcecode.swift; path = FeaturedTabView.swift; sourceTree = "<group>"; };
		96127E592AC856720020FD1E /* CategoryModel.swift */ = {isa = PBXFileReference; lastKnownFileType = sourcecode.swift; path = CategoryModel.swift; sourceTree = "<group>"; };
		96127E5B2AC8574D0020FD1E /* CategoryItemView.swift */ = {isa = PBXFileReference; lastKnownFileType = sourcecode.swift; path = CategoryItemView.swift; sourceTree = "<group>"; };
		96127E5D2AC858B90020FD1E /* CategoryGridView.swift */ = {isa = PBXFileReference; lastKnownFileType = sourcecode.swift; path = CategoryGridView.swift; sourceTree = "<group>"; };
		96127E5F2AC859CE0020FD1E /* SectionView.swift */ = {isa = PBXFileReference; lastKnownFileType = sourcecode.swift; path = SectionView.swift; sourceTree = "<group>"; };
		96FD04F02AC839B900643CEB /* Touchdown.app */ = {isa = PBXFileReference; explicitFileType = wrapper.application; includeInIndex = 0; path = Touchdown.app; sourceTree = BUILT_PRODUCTS_DIR; };
		96FD04F32AC839B900643CEB /* TouchdownApp.swift */ = {isa = PBXFileReference; lastKnownFileType = sourcecode.swift; path = TouchdownApp.swift; sourceTree = "<group>"; };
		96FD04F52AC839B900643CEB /* ContentView.swift */ = {isa = PBXFileReference; lastKnownFileType = sourcecode.swift; path = ContentView.swift; sourceTree = "<group>"; };
		96FD04F72AC839BB00643CEB /* Assets.xcassets */ = {isa = PBXFileReference; lastKnownFileType = folder.assetcatalog; path = Assets.xcassets; sourceTree = "<group>"; };
		96FD04FA2AC839BB00643CEB /* Preview Assets.xcassets */ = {isa = PBXFileReference; lastKnownFileType = folder.assetcatalog; path = "Preview Assets.xcassets"; sourceTree = "<group>"; };
		96FD05002AC839BB00643CEB /* TouchdownTests.xctest */ = {isa = PBXFileReference; explicitFileType = wrapper.cfbundle; includeInIndex = 0; path = TouchdownTests.xctest; sourceTree = BUILT_PRODUCTS_DIR; };
		96FD05042AC839BB00643CEB /* TouchdownTests.swift */ = {isa = PBXFileReference; lastKnownFileType = sourcecode.swift; path = TouchdownTests.swift; sourceTree = "<group>"; };
		96FD050A2AC839BB00643CEB /* TouchdownUITests.xctest */ = {isa = PBXFileReference; explicitFileType = wrapper.cfbundle; includeInIndex = 0; path = TouchdownUITests.xctest; sourceTree = BUILT_PRODUCTS_DIR; };
		96FD050E2AC839BB00643CEB /* TouchdownUITests.swift */ = {isa = PBXFileReference; lastKnownFileType = sourcecode.swift; path = TouchdownUITests.swift; sourceTree = "<group>"; };
		96FD05102AC839BB00643CEB /* TouchdownUITestsLaunchTests.swift */ = {isa = PBXFileReference; lastKnownFileType = sourcecode.swift; path = TouchdownUITestsLaunchTests.swift; sourceTree = "<group>"; };
/* End PBXFileReference section */

/* Begin PBXFrameworksBuildPhase section */
		96FD04ED2AC839B900643CEB /* Frameworks */ = {
			isa = PBXFrameworksBuildPhase;
			buildActionMask = 2147483647;
			files = (
			);
			runOnlyForDeploymentPostprocessing = 0;
		};
		96FD04FD2AC839BB00643CEB /* Frameworks */ = {
			isa = PBXFrameworksBuildPhase;
			buildActionMask = 2147483647;
			files = (
			);
			runOnlyForDeploymentPostprocessing = 0;
		};
		96FD05072AC839BB00643CEB /* Frameworks */ = {
			isa = PBXFrameworksBuildPhase;
			buildActionMask = 2147483647;
			files = (
			);
			runOnlyForDeploymentPostprocessing = 0;
		};
/* End PBXFrameworksBuildPhase section */

/* Begin PBXGroup section */
		96127E382AC83DB80020FD1E /* Data */ = {
			isa = PBXGroup;
			children = (
				96127E3C2AC83DD00020FD1E /* brand.json */,
				96127E392AC83DD00020FD1E /* category.json */,
				96127E3A2AC83DD00020FD1E /* player.json */,
				96127E3B2AC83DD00020FD1E /* product.json */,
			);
			path = Data;
			sourceTree = "<group>";
		};
		96127E422AC83F220020FD1E /* View */ = {
			isa = PBXGroup;
			children = (
				96127E452AC83F4E0020FD1E /* Home */,
				96127E442AC83F470020FD1E /* Detail */,
			);
			path = View;
			sourceTree = "<group>";
		};
		96127E432AC83F3A0020FD1E /* App */ = {
			isa = PBXGroup;
			children = (
				96FD04F32AC839B900643CEB /* TouchdownApp.swift */,
				96FD04F52AC839B900643CEB /* ContentView.swift */,
			);
			path = App;
			sourceTree = "<group>";
		};
		96127E442AC83F470020FD1E /* Detail */ = {
			isa = PBXGroup;
			children = (
			);
			path = Detail;
			sourceTree = "<group>";
		};
		96127E452AC83F4E0020FD1E /* Home */ = {
			isa = PBXGroup;
			children = (
				96127E4B2AC842650020FD1E /* FooterView.swift */,
				96127E4D2AC847500020FD1E /* NavigationBarView.swift */,
				96127E4F2AC848460020FD1E /* LogoView.swift */,
				96127E552AC851670020FD1E /* FeaturedItemView.swift */,
				96127E572AC851C70020FD1E /* FeaturedTabView.swift */,
				96127E5B2AC8574D0020FD1E /* CategoryItemView.swift */,
				96127E5D2AC858B90020FD1E /* CategoryGridView.swift */,
				96127E5F2AC859CE0020FD1E /* SectionView.swift */,
			);
			path = Home;
			sourceTree = "<group>";
		};
		96127E462AC83F560020FD1E /* Model */ = {
			isa = PBXGroup;
			children = (
				96127E512AC84F450020FD1E /* PlayerModel.swift */,
				96127E592AC856720020FD1E /* CategoryModel.swift */,
			);
			path = Model;
			sourceTree = "<group>";
		};
		96127E472AC83F5C0020FD1E /* Extension */ = {
			isa = PBXGroup;
			children = (
				96127E532AC84F7C0020FD1E /* CodableBundleExtension.swift */,
			);
			path = Extension;
			sourceTree = "<group>";
		};
		96127E482AC83F610020FD1E /* Utility */ = {
			isa = PBXGroup;
			children = (
				96127E492AC83F7F0020FD1E /* Constant.swift */,
			);
			path = Utility;
			sourceTree = "<group>";
		};
		96FD04E72AC839B900643CEB = {
			isa = PBXGroup;
			children = (
				96FD04F22AC839B900643CEB /* Touchdown */,
				96FD05032AC839BB00643CEB /* TouchdownTests */,
				96FD050D2AC839BB00643CEB /* TouchdownUITests */,
				96FD04F12AC839B900643CEB /* Products */,
			);
			sourceTree = "<group>";
		};
		96FD04F12AC839B900643CEB /* Products */ = {
			isa = PBXGroup;
			children = (
				96FD04F02AC839B900643CEB /* Touchdown.app */,
				96FD05002AC839BB00643CEB /* TouchdownTests.xctest */,
				96FD050A2AC839BB00643CEB /* TouchdownUITests.xctest */,
			);
			name = Products;
			sourceTree = "<group>";
		};
		96FD04F22AC839B900643CEB /* Touchdown */ = {
			isa = PBXGroup;
			children = (
				96127E482AC83F610020FD1E /* Utility */,
				96127E472AC83F5C0020FD1E /* Extension */,
				96127E462AC83F560020FD1E /* Model */,
				96127E422AC83F220020FD1E /* View */,
				96127E412AC83E160020FD1E /* Info.plist */,
				96127E382AC83DB80020FD1E /* Data */,
				96127E432AC83F3A0020FD1E /* App */,
				96FD04F72AC839BB00643CEB /* Assets.xcassets */,
				96FD04F92AC839BB00643CEB /* Preview Content */,
			);
			path = Touchdown;
			sourceTree = "<group>";
		};
		96FD04F92AC839BB00643CEB /* Preview Content */ = {
			isa = PBXGroup;
			children = (
				96FD04FA2AC839BB00643CEB /* Preview Assets.xcassets */,
			);
			path = "Preview Content";
			sourceTree = "<group>";
		};
		96FD05032AC839BB00643CEB /* TouchdownTests */ = {
			isa = PBXGroup;
			children = (
				96FD05042AC839BB00643CEB /* TouchdownTests.swift */,
			);
			path = TouchdownTests;
			sourceTree = "<group>";
		};
		96FD050D2AC839BB00643CEB /* TouchdownUITests */ = {
			isa = PBXGroup;
			children = (
				96FD050E2AC839BB00643CEB /* TouchdownUITests.swift */,
				96FD05102AC839BB00643CEB /* TouchdownUITestsLaunchTests.swift */,
			);
			path = TouchdownUITests;
			sourceTree = "<group>";
		};
/* End PBXGroup section */

/* Begin PBXNativeTarget section */
		96FD04EF2AC839B900643CEB /* Touchdown */ = {
			isa = PBXNativeTarget;
			buildConfigurationList = 96FD05142AC839BB00643CEB /* Build configuration list for PBXNativeTarget "Touchdown" */;
			buildPhases = (
				96FD04EC2AC839B900643CEB /* Sources */,
				96FD04ED2AC839B900643CEB /* Frameworks */,
				96FD04EE2AC839B900643CEB /* Resources */,
			);
			buildRules = (
			);
			dependencies = (
			);
			name = Touchdown;
			productName = Touchdown;
			productReference = 96FD04F02AC839B900643CEB /* Touchdown.app */;
			productType = "com.apple.product-type.application";
		};
		96FD04FF2AC839BB00643CEB /* TouchdownTests */ = {
			isa = PBXNativeTarget;
			buildConfigurationList = 96FD05172AC839BB00643CEB /* Build configuration list for PBXNativeTarget "TouchdownTests" */;
			buildPhases = (
				96FD04FC2AC839BB00643CEB /* Sources */,
				96FD04FD2AC839BB00643CEB /* Frameworks */,
				96FD04FE2AC839BB00643CEB /* Resources */,
			);
			buildRules = (
			);
			dependencies = (
				96FD05022AC839BB00643CEB /* PBXTargetDependency */,
			);
			name = TouchdownTests;
			productName = TouchdownTests;
			productReference = 96FD05002AC839BB00643CEB /* TouchdownTests.xctest */;
			productType = "com.apple.product-type.bundle.unit-test";
		};
		96FD05092AC839BB00643CEB /* TouchdownUITests */ = {
			isa = PBXNativeTarget;
			buildConfigurationList = 96FD051A2AC839BB00643CEB /* Build configuration list for PBXNativeTarget "TouchdownUITests" */;
			buildPhases = (
				96FD05062AC839BB00643CEB /* Sources */,
				96FD05072AC839BB00643CEB /* Frameworks */,
				96FD05082AC839BB00643CEB /* Resources */,
			);
			buildRules = (
			);
			dependencies = (
				96FD050C2AC839BB00643CEB /* PBXTargetDependency */,
			);
			name = TouchdownUITests;
			productName = TouchdownUITests;
			productReference = 96FD050A2AC839BB00643CEB /* TouchdownUITests.xctest */;
			productType = "com.apple.product-type.bundle.ui-testing";
		};
/* End PBXNativeTarget section */

/* Begin PBXProject section */
		96FD04E82AC839B900643CEB /* Project object */ = {
			isa = PBXProject;
			attributes = {
				BuildIndependentTargetsInParallel = 1;
				LastSwiftUpdateCheck = 1500;
				LastUpgradeCheck = 1500;
				TargetAttributes = {
					96FD04EF2AC839B900643CEB = {
						CreatedOnToolsVersion = 15.0;
					};
					96FD04FF2AC839BB00643CEB = {
						CreatedOnToolsVersion = 15.0;
						TestTargetID = 96FD04EF2AC839B900643CEB;
					};
					96FD05092AC839BB00643CEB = {
						CreatedOnToolsVersion = 15.0;
						TestTargetID = 96FD04EF2AC839B900643CEB;
					};
				};
			};
			buildConfigurationList = 96FD04EB2AC839B900643CEB /* Build configuration list for PBXProject "Touchdown" */;
			compatibilityVersion = "Xcode 14.0";
			developmentRegion = en;
			hasScannedForEncodings = 0;
			knownRegions = (
				en,
				Base,
			);
			mainGroup = 96FD04E72AC839B900643CEB;
			productRefGroup = 96FD04F12AC839B900643CEB /* Products */;
			projectDirPath = "";
			projectRoot = "";
			targets = (
				96FD04EF2AC839B900643CEB /* Touchdown */,
				96FD04FF2AC839BB00643CEB /* TouchdownTests */,
				96FD05092AC839BB00643CEB /* TouchdownUITests */,
			);
		};
/* End PBXProject section */

/* Begin PBXResourcesBuildPhase section */
		96FD04EE2AC839B900643CEB /* Resources */ = {
			isa = PBXResourcesBuildPhase;
			buildActionMask = 2147483647;
			files = (
				96127E3E2AC83DD00020FD1E /* player.json in Resources */,
				96127E3D2AC83DD00020FD1E /* category.json in Resources */,
				96FD04FB2AC839BB00643CEB /* Preview Assets.xcassets in Resources */,
				96FD04F82AC839BB00643CEB /* Assets.xcassets in Resources */,
				96127E3F2AC83DD00020FD1E /* product.json in Resources */,
				96127E402AC83DD00020FD1E /* brand.json in Resources */,
			);
			runOnlyForDeploymentPostprocessing = 0;
		};
		96FD04FE2AC839BB00643CEB /* Resources */ = {
			isa = PBXResourcesBuildPhase;
			buildActionMask = 2147483647;
			files = (
			);
			runOnlyForDeploymentPostprocessing = 0;
		};
		96FD05082AC839BB00643CEB /* Resources */ = {
			isa = PBXResourcesBuildPhase;
			buildActionMask = 2147483647;
			files = (
			);
			runOnlyForDeploymentPostprocessing = 0;
		};
/* End PBXResourcesBuildPhase section */

/* Begin PBXSourcesBuildPhase section */
		96FD04EC2AC839B900643CEB /* Sources */ = {
			isa = PBXSourcesBuildPhase;
			buildActionMask = 2147483647;
			files = (
				96127E542AC84F7C0020FD1E /* CodableBundleExtension.swift in Sources */,
				96FD04F62AC839B900643CEB /* ContentView.swift in Sources */,
				96127E502AC848460020FD1E /* LogoView.swift in Sources */,
				96127E4C2AC842650020FD1E /* FooterView.swift in Sources */,
				96127E562AC851670020FD1E /* FeaturedItemView.swift in Sources */,
				96FD04F42AC839B900643CEB /* TouchdownApp.swift in Sources */,
				96127E4A2AC83F7F0020FD1E /* Constant.swift in Sources */,
				96127E5E2AC858B90020FD1E /* CategoryGridView.swift in Sources */,
				96127E5A2AC856720020FD1E /* CategoryModel.swift in Sources */,
				96127E4E2AC847500020FD1E /* NavigationBarView.swift in Sources */,
				96127E602AC859CE0020FD1E /* SectionView.swift in Sources */,
				96127E5C2AC8574D0020FD1E /* CategoryItemView.swift in Sources */,
				96127E582AC851C70020FD1E /* FeaturedTabView.swift in Sources */,
				96127E522AC84F450020FD1E /* PlayerModel.swift in Sources */,
			);
			runOnlyForDeploymentPostprocessing = 0;
		};
		96FD04FC2AC839BB00643CEB /* Sources */ = {
			isa = PBXSourcesBuildPhase;
			buildActionMask = 2147483647;
			files = (
				96FD05052AC839BB00643CEB /* TouchdownTests.swift in Sources */,
			);
			runOnlyForDeploymentPostprocessing = 0;
		};
		96FD05062AC839BB00643CEB /* Sources */ = {
			isa = PBXSourcesBuildPhase;
			buildActionMask = 2147483647;
			files = (
				96FD05112AC839BB00643CEB /* TouchdownUITestsLaunchTests.swift in Sources */,
				96FD050F2AC839BB00643CEB /* TouchdownUITests.swift in Sources */,
			);
			runOnlyForDeploymentPostprocessing = 0;
		};
/* End PBXSourcesBuildPhase section */

/* Begin PBXTargetDependency section */
		96FD05022AC839BB00643CEB /* PBXTargetDependency */ = {
			isa = PBXTargetDependency;
			target = 96FD04EF2AC839B900643CEB /* Touchdown */;
			targetProxy = 96FD05012AC839BB00643CEB /* PBXContainerItemProxy */;
		};
		96FD050C2AC839BB00643CEB /* PBXTargetDependency */ = {
			isa = PBXTargetDependency;
			target = 96FD04EF2AC839B900643CEB /* Touchdown */;
			targetProxy = 96FD050B2AC839BB00643CEB /* PBXContainerItemProxy */;
		};
/* End PBXTargetDependency section */

/* Begin XCBuildConfiguration section */
		96FD05122AC839BB00643CEB /* Debug */ = {
			isa = XCBuildConfiguration;
			buildSettings = {
				ALWAYS_SEARCH_USER_PATHS = NO;
				ASSETCATALOG_COMPILER_GENERATE_SWIFT_ASSET_SYMBOL_EXTENSIONS = YES;
				CLANG_ANALYZER_NONNULL = YES;
				CLANG_ANALYZER_NUMBER_OBJECT_CONVERSION = YES_AGGRESSIVE;
				CLANG_CXX_LANGUAGE_STANDARD = "gnu++20";
				CLANG_ENABLE_MODULES = YES;
				CLANG_ENABLE_OBJC_ARC = YES;
				CLANG_ENABLE_OBJC_WEAK = YES;
				CLANG_WARN_BLOCK_CAPTURE_AUTORELEASING = YES;
				CLANG_WARN_BOOL_CONVERSION = YES;
				CLANG_WARN_COMMA = YES;
				CLANG_WARN_CONSTANT_CONVERSION = YES;
				CLANG_WARN_DEPRECATED_OBJC_IMPLEMENTATIONS = YES;
				CLANG_WARN_DIRECT_OBJC_ISA_USAGE = YES_ERROR;
				CLANG_WARN_DOCUMENTATION_COMMENTS = YES;
				CLANG_WARN_EMPTY_BODY = YES;
				CLANG_WARN_ENUM_CONVERSION = YES;
				CLANG_WARN_INFINITE_RECURSION = YES;
				CLANG_WARN_INT_CONVERSION = YES;
				CLANG_WARN_NON_LITERAL_NULL_CONVERSION = YES;
				CLANG_WARN_OBJC_IMPLICIT_RETAIN_SELF = YES;
				CLANG_WARN_OBJC_LITERAL_CONVERSION = YES;
				CLANG_WARN_OBJC_ROOT_CLASS = YES_ERROR;
				CLANG_WARN_QUOTED_INCLUDE_IN_FRAMEWORK_HEADER = YES;
				CLANG_WARN_RANGE_LOOP_ANALYSIS = YES;
				CLANG_WARN_STRICT_PROTOTYPES = YES;
				CLANG_WARN_SUSPICIOUS_MOVE = YES;
				CLANG_WARN_UNGUARDED_AVAILABILITY = YES_AGGRESSIVE;
				CLANG_WARN_UNREACHABLE_CODE = YES;
				CLANG_WARN__DUPLICATE_METHOD_MATCH = YES;
				COPY_PHASE_STRIP = NO;
				DEBUG_INFORMATION_FORMAT = dwarf;
				ENABLE_STRICT_OBJC_MSGSEND = YES;
				ENABLE_TESTABILITY = YES;
				ENABLE_USER_SCRIPT_SANDBOXING = YES;
				GCC_C_LANGUAGE_STANDARD = gnu17;
				GCC_DYNAMIC_NO_PIC = NO;
				GCC_NO_COMMON_BLOCKS = YES;
				GCC_OPTIMIZATION_LEVEL = 0;
				GCC_PREPROCESSOR_DEFINITIONS = (
					"DEBUG=1",
					"$(inherited)",
				);
				GCC_WARN_64_TO_32_BIT_CONVERSION = YES;
				GCC_WARN_ABOUT_RETURN_TYPE = YES_ERROR;
				GCC_WARN_UNDECLARED_SELECTOR = YES;
				GCC_WARN_UNINITIALIZED_AUTOS = YES_AGGRESSIVE;
				GCC_WARN_UNUSED_FUNCTION = YES;
				GCC_WARN_UNUSED_VARIABLE = YES;
				IPHONEOS_DEPLOYMENT_TARGET = 17.0;
				LOCALIZATION_PREFERS_STRING_CATALOGS = YES;
				MTL_ENABLE_DEBUG_INFO = INCLUDE_SOURCE;
				MTL_FAST_MATH = YES;
				ONLY_ACTIVE_ARCH = YES;
				SDKROOT = iphoneos;
				SWIFT_ACTIVE_COMPILATION_CONDITIONS = "DEBUG $(inherited)";
				SWIFT_OPTIMIZATION_LEVEL = "-Onone";
			};
			name = Debug;
		};
		96FD05132AC839BB00643CEB /* Release */ = {
			isa = XCBuildConfiguration;
			buildSettings = {
				ALWAYS_SEARCH_USER_PATHS = NO;
				ASSETCATALOG_COMPILER_GENERATE_SWIFT_ASSET_SYMBOL_EXTENSIONS = YES;
				CLANG_ANALYZER_NONNULL = YES;
				CLANG_ANALYZER_NUMBER_OBJECT_CONVERSION = YES_AGGRESSIVE;
				CLANG_CXX_LANGUAGE_STANDARD = "gnu++20";
				CLANG_ENABLE_MODULES = YES;
				CLANG_ENABLE_OBJC_ARC = YES;
				CLANG_ENABLE_OBJC_WEAK = YES;
				CLANG_WARN_BLOCK_CAPTURE_AUTORELEASING = YES;
				CLANG_WARN_BOOL_CONVERSION = YES;
				CLANG_WARN_COMMA = YES;
				CLANG_WARN_CONSTANT_CONVERSION = YES;
				CLANG_WARN_DEPRECATED_OBJC_IMPLEMENTATIONS = YES;
				CLANG_WARN_DIRECT_OBJC_ISA_USAGE = YES_ERROR;
				CLANG_WARN_DOCUMENTATION_COMMENTS = YES;
				CLANG_WARN_EMPTY_BODY = YES;
				CLANG_WARN_ENUM_CONVERSION = YES;
				CLANG_WARN_INFINITE_RECURSION = YES;
				CLANG_WARN_INT_CONVERSION = YES;
				CLANG_WARN_NON_LITERAL_NULL_CONVERSION = YES;
				CLANG_WARN_OBJC_IMPLICIT_RETAIN_SELF = YES;
				CLANG_WARN_OBJC_LITERAL_CONVERSION = YES;
				CLANG_WARN_OBJC_ROOT_CLASS = YES_ERROR;
				CLANG_WARN_QUOTED_INCLUDE_IN_FRAMEWORK_HEADER = YES;
				CLANG_WARN_RANGE_LOOP_ANALYSIS = YES;
				CLANG_WARN_STRICT_PROTOTYPES = YES;
				CLANG_WARN_SUSPICIOUS_MOVE = YES;
				CLANG_WARN_UNGUARDED_AVAILABILITY = YES_AGGRESSIVE;
				CLANG_WARN_UNREACHABLE_CODE = YES;
				CLANG_WARN__DUPLICATE_METHOD_MATCH = YES;
				COPY_PHASE_STRIP = NO;
				DEBUG_INFORMATION_FORMAT = "dwarf-with-dsym";
				ENABLE_NS_ASSERTIONS = NO;
				ENABLE_STRICT_OBJC_MSGSEND = YES;
				ENABLE_USER_SCRIPT_SANDBOXING = YES;
				GCC_C_LANGUAGE_STANDARD = gnu17;
				GCC_NO_COMMON_BLOCKS = YES;
				GCC_WARN_64_TO_32_BIT_CONVERSION = YES;
				GCC_WARN_ABOUT_RETURN_TYPE = YES_ERROR;
				GCC_WARN_UNDECLARED_SELECTOR = YES;
				GCC_WARN_UNINITIALIZED_AUTOS = YES_AGGRESSIVE;
				GCC_WARN_UNUSED_FUNCTION = YES;
				GCC_WARN_UNUSED_VARIABLE = YES;
				IPHONEOS_DEPLOYMENT_TARGET = 17.0;
				LOCALIZATION_PREFERS_STRING_CATALOGS = YES;
				MTL_ENABLE_DEBUG_INFO = NO;
				MTL_FAST_MATH = YES;
				SDKROOT = iphoneos;
				SWIFT_COMPILATION_MODE = wholemodule;
				VALIDATE_PRODUCT = YES;
			};
			name = Release;
		};
		96FD05152AC839BB00643CEB /* Debug */ = {
			isa = XCBuildConfiguration;
			buildSettings = {
				ASSETCATALOG_COMPILER_APPICON_NAME = AppIcon;
				ASSETCATALOG_COMPILER_GLOBAL_ACCENT_COLOR_NAME = AccentColor;
				CODE_SIGN_STYLE = Automatic;
				CURRENT_PROJECT_VERSION = 1;
				DEVELOPMENT_ASSET_PATHS = "\"Touchdown/Preview Content\"";
				DEVELOPMENT_TEAM = LZPABQ868H;
				ENABLE_PREVIEWS = YES;
				GENERATE_INFOPLIST_FILE = YES;
				INFOPLIST_FILE = Touchdown/Info.plist;
				INFOPLIST_KEY_UIApplicationSceneManifest_Generation = YES;
				INFOPLIST_KEY_UIApplicationSupportsIndirectInputEvents = YES;
				INFOPLIST_KEY_UISupportedInterfaceOrientations = UIInterfaceOrientationPortrait;
				INFOPLIST_KEY_UISupportedInterfaceOrientations_iPad = "UIInterfaceOrientationLandscapeLeft UIInterfaceOrientationLandscapeRight UIInterfaceOrientationPortrait UIInterfaceOrientationPortraitUpsideDown";
				INFOPLIST_KEY_UIUserInterfaceStyle = Light;
				LD_RUNPATH_SEARCH_PATHS = (
					"$(inherited)",
					"@executable_path/Frameworks",
				);
				MARKETING_VERSION = 1.0;
				PRODUCT_BUNDLE_IDENTIFIER = ca.jgdesigns.Touchdown;
				PRODUCT_NAME = "$(TARGET_NAME)";
				SUPPORTED_PLATFORMS = "iphoneos iphonesimulator macosx";
				SUPPORTS_MACCATALYST = NO;
				SUPPORTS_MAC_DESIGNED_FOR_IPHONE_IPAD = NO;
				SWIFT_EMIT_LOC_STRINGS = YES;
				SWIFT_VERSION = 5.0;
				TARGETED_DEVICE_FAMILY = "1,2";
			};
			name = Debug;
		};
		96FD05162AC839BB00643CEB /* Release */ = {
			isa = XCBuildConfiguration;
			buildSettings = {
				ASSETCATALOG_COMPILER_APPICON_NAME = AppIcon;
				ASSETCATALOG_COMPILER_GLOBAL_ACCENT_COLOR_NAME = AccentColor;
				CODE_SIGN_STYLE = Automatic;
				CURRENT_PROJECT_VERSION = 1;
				DEVELOPMENT_ASSET_PATHS = "\"Touchdown/Preview Content\"";
				DEVELOPMENT_TEAM = LZPABQ868H;
				ENABLE_PREVIEWS = YES;
				GENERATE_INFOPLIST_FILE = YES;
				INFOPLIST_FILE = Touchdown/Info.plist;
				INFOPLIST_KEY_UIApplicationSceneManifest_Generation = YES;
				INFOPLIST_KEY_UIApplicationSupportsIndirectInputEvents = YES;
				INFOPLIST_KEY_UISupportedInterfaceOrientations = UIInterfaceOrientationPortrait;
				INFOPLIST_KEY_UISupportedInterfaceOrientations_iPad = "UIInterfaceOrientationLandscapeLeft UIInterfaceOrientationLandscapeRight UIInterfaceOrientationPortrait UIInterfaceOrientationPortraitUpsideDown";
				INFOPLIST_KEY_UIUserInterfaceStyle = Light;
				LD_RUNPATH_SEARCH_PATHS = (
					"$(inherited)",
					"@executable_path/Frameworks",
				);
				MARKETING_VERSION = 1.0;
				PRODUCT_BUNDLE_IDENTIFIER = ca.jgdesigns.Touchdown;
				PRODUCT_NAME = "$(TARGET_NAME)";
				SUPPORTED_PLATFORMS = "iphoneos iphonesimulator macosx";
				SUPPORTS_MACCATALYST = NO;
				SUPPORTS_MAC_DESIGNED_FOR_IPHONE_IPAD = NO;
				SWIFT_EMIT_LOC_STRINGS = YES;
				SWIFT_VERSION = 5.0;
				TARGETED_DEVICE_FAMILY = "1,2";
			};
			name = Release;
		};
		96FD05182AC839BB00643CEB /* Debug */ = {
			isa = XCBuildConfiguration;
			buildSettings = {
				ALWAYS_EMBED_SWIFT_STANDARD_LIBRARIES = YES;
				BUNDLE_LOADER = "$(TEST_HOST)";
				CODE_SIGN_STYLE = Automatic;
				CURRENT_PROJECT_VERSION = 1;
				DEVELOPMENT_TEAM = LZPABQ868H;
				GENERATE_INFOPLIST_FILE = YES;
				IPHONEOS_DEPLOYMENT_TARGET = 17.0;
				MARKETING_VERSION = 1.0;
				PRODUCT_BUNDLE_IDENTIFIER = ca.jgdesigns.TouchdownTests;
				PRODUCT_NAME = "$(TARGET_NAME)";
				SWIFT_EMIT_LOC_STRINGS = NO;
				SWIFT_VERSION = 5.0;
				TARGETED_DEVICE_FAMILY = "1,2";
				TEST_HOST = "$(BUILT_PRODUCTS_DIR)/Touchdown.app/$(BUNDLE_EXECUTABLE_FOLDER_PATH)/Touchdown";
			};
			name = Debug;
		};
		96FD05192AC839BB00643CEB /* Release */ = {
			isa = XCBuildConfiguration;
			buildSettings = {
				ALWAYS_EMBED_SWIFT_STANDARD_LIBRARIES = YES;
				BUNDLE_LOADER = "$(TEST_HOST)";
				CODE_SIGN_STYLE = Automatic;
				CURRENT_PROJECT_VERSION = 1;
				DEVELOPMENT_TEAM = LZPABQ868H;
				GENERATE_INFOPLIST_FILE = YES;
				IPHONEOS_DEPLOYMENT_TARGET = 17.0;
				MARKETING_VERSION = 1.0;
				PRODUCT_BUNDLE_IDENTIFIER = ca.jgdesigns.TouchdownTests;
				PRODUCT_NAME = "$(TARGET_NAME)";
				SWIFT_EMIT_LOC_STRINGS = NO;
				SWIFT_VERSION = 5.0;
				TARGETED_DEVICE_FAMILY = "1,2";
				TEST_HOST = "$(BUILT_PRODUCTS_DIR)/Touchdown.app/$(BUNDLE_EXECUTABLE_FOLDER_PATH)/Touchdown";
			};
			name = Release;
		};
		96FD051B2AC839BB00643CEB /* Debug */ = {
			isa = XCBuildConfiguration;
			buildSettings = {
				ALWAYS_EMBED_SWIFT_STANDARD_LIBRARIES = YES;
				CODE_SIGN_STYLE = Automatic;
				CURRENT_PROJECT_VERSION = 1;
				DEVELOPMENT_TEAM = LZPABQ868H;
				GENERATE_INFOPLIST_FILE = YES;
				MARKETING_VERSION = 1.0;
				PRODUCT_BUNDLE_IDENTIFIER = ca.jgdesigns.TouchdownUITests;
				PRODUCT_NAME = "$(TARGET_NAME)";
				SWIFT_EMIT_LOC_STRINGS = NO;
				SWIFT_VERSION = 5.0;
				TARGETED_DEVICE_FAMILY = "1,2";
				TEST_TARGET_NAME = Touchdown;
			};
			name = Debug;
		};
		96FD051C2AC839BB00643CEB /* Release */ = {
			isa = XCBuildConfiguration;
			buildSettings = {
				ALWAYS_EMBED_SWIFT_STANDARD_LIBRARIES = YES;
				CODE_SIGN_STYLE = Automatic;
				CURRENT_PROJECT_VERSION = 1;
				DEVELOPMENT_TEAM = LZPABQ868H;
				GENERATE_INFOPLIST_FILE = YES;
				MARKETING_VERSION = 1.0;
				PRODUCT_BUNDLE_IDENTIFIER = ca.jgdesigns.TouchdownUITests;
				PRODUCT_NAME = "$(TARGET_NAME)";
				SWIFT_EMIT_LOC_STRINGS = NO;
				SWIFT_VERSION = 5.0;
				TARGETED_DEVICE_FAMILY = "1,2";
				TEST_TARGET_NAME = Touchdown;
			};
			name = Release;
		};
/* End XCBuildConfiguration section */

/* Begin XCConfigurationList section */
		96FD04EB2AC839B900643CEB /* Build configuration list for PBXProject "Touchdown" */ = {
			isa = XCConfigurationList;
			buildConfigurations = (
				96FD05122AC839BB00643CEB /* Debug */,
				96FD05132AC839BB00643CEB /* Release */,
			);
			defaultConfigurationIsVisible = 0;
			defaultConfigurationName = Release;
		};
		96FD05142AC839BB00643CEB /* Build configuration list for PBXNativeTarget "Touchdown" */ = {
			isa = XCConfigurationList;
			buildConfigurations = (
				96FD05152AC839BB00643CEB /* Debug */,
				96FD05162AC839BB00643CEB /* Release */,
			);
			defaultConfigurationIsVisible = 0;
			defaultConfigurationName = Release;
		};
		96FD05172AC839BB00643CEB /* Build configuration list for PBXNativeTarget "TouchdownTests" */ = {
			isa = XCConfigurationList;
			buildConfigurations = (
				96FD05182AC839BB00643CEB /* Debug */,
				96FD05192AC839BB00643CEB /* Release */,
			);
			defaultConfigurationIsVisible = 0;
			defaultConfigurationName = Release;
		};
		96FD051A2AC839BB00643CEB /* Build configuration list for PBXNativeTarget "TouchdownUITests" */ = {
			isa = XCConfigurationList;
			buildConfigurations = (
				96FD051B2AC839BB00643CEB /* Debug */,
				96FD051C2AC839BB00643CEB /* Release */,
			);
			defaultConfigurationIsVisible = 0;
			defaultConfigurationName = Release;
		};
/* End XCConfigurationList section */
	};
	rootObject = 96FD04E82AC839B900643CEB /* Project object */;
}
